
Microsoft Visual Studio Solution File, Format Version 12.00
# Visual Studio Version 17
VisualStudioVersion = 17.6.33801.468
MinimumVisualStudioVersion = 10.0.40219.1
Project("{FAE04EC0-301F-11D3-BF4B-00C04F79EFBC}") = "TOTP.UI.WPF", "TOTP\TOTP.UI.WPF.csproj", "{73DFAD9E-6C3D-0F21-D3CE-3EF46B9D55C5}"
EndProject
Project("{FAE04EC0-301F-11D3-BF4B-00C04F79EFBC}") = "TOTP.Tests", "TOTP.Tests\TOTP.Tests.csproj", "{62E4D9EC-B6CA-5E34-51D3-4D10E1D4B5D9}"
EndProject
Project("{FAE04EC0-301F-11D3-BF4B-00C04F79EFBC}") = "TOTP.Core", "TOTP.Core\TOTP.Core.csproj", "{25A137BF-0219-49F8-AC95-304DC0A62C89}"
EndProject
Global
	GlobalSection(SolutionConfigurationPlatforms) = preSolution
		Debug|Any CPU = Debug|Any CPU
		Release|Any CPU = Release|Any CPU
	EndGlobalSection
	GlobalSection(ProjectConfigurationPlatforms) = postSolution
		{73DFAD9E-6C3D-0F21-D3CE-3EF46B9D55C5}.Debug|Any CPU.ActiveCfg = Debug|Any CPU
		{73DFAD9E-6C3D-0F21-D3CE-3EF46B9D55C5}.Debug|Any CPU.Build.0 = Debug|Any CPU
		{73DFAD9E-6C3D-0F21-D3CE-3EF46B9D55C5}.Release|Any CPU.ActiveCfg = Release|Any CPU
		{73DFAD9E-6C3D-0F21-D3CE-3EF46B9D55C5}.Release|Any CPU.Build.0 = Release|Any CPU
		{62E4D9EC-B6CA-5E34-51D3-4D10E1D4B5D9}.Debug|Any CPU.ActiveCfg = Debug|Any CPU
		{62E4D9EC-B6CA-5E34-51D3-4D10E1D4B5D9}.Debug|Any CPU.Build.0 = Debug|Any CPU
		{62E4D9EC-B6CA-5E34-51D3-4D10E1D4B5D9}.Release|Any CPU.ActiveCfg = Release|Any CPU
		{62E4D9EC-B6CA-5E34-51D3-4D10E1D4B5D9}.Release|Any CPU.Build.0 = Release|Any CPU
		{25A137BF-0219-49F8-AC95-304DC0A62C89}.Debug|Any CPU.ActiveCfg = Debug|Any CPU
		{25A137BF-0219-49F8-AC95-304DC0A62C89}.Debug|Any CPU.Build.0 = Debug|Any CPU
		{25A137BF-0219-49F8-AC95-304DC0A62C89}.Release|Any CPU.ActiveCfg = Release|Any CPU
		{25A137BF-0219-49F8-AC95-304DC0A62C89}.Release|Any CPU.Build.0 = Release|Any CPU
	EndGlobalSection
	GlobalSection(SolutionProperties) = preSolution
		HideSolutionNode = FALSE
	EndGlobalSection
	GlobalSection(ExtensibilityGlobals) = postSolution
		SolutionGuid = {AD85A961-1561-4755-901E-C364634E381A}
	EndGlobalSection
EndGlobal
